PODS:
  - Alamofire (4.8.2)
  - Bech32 (1.0.0)
  - BinanceChain (1.0.0):
    - BinanceChain/Core (= 1.0.0)
  - BinanceChain/Core (1.0.0):
    - Alamofire
    - Bech32
    - secp256k1.swift
    - Starscream
    - SwiftProtobuf
    - SwiftyJSON
    - XCGLogger
  - ObjcExceptionBridging (1.0.1):
    - ObjcExceptionBridging/ObjcExceptionBridging (= 1.0.1)
  - ObjcExceptionBridging/ObjcExceptionBridging (1.0.1)
  - secp256k1.swift (0.1.4)
  - Starscream (3.1.0)
  - SwiftProtobuf (1.4.0)
  - SwiftyJSON (4.3.0)
  - XCGLogger (7.0.0):
    - XCGLogger/Core (= 7.0.0)
  - XCGLogger/Core (7.0.0):
    - ObjcExceptionBridging

DEPENDENCIES:
  - Bech32 (from `.podspecs/Bech32.podspec`)
  - BinanceChain (from `.`)
  - Starscream
  - SwiftProtobuf

SPEC REPOS:
  https://github.com/cocoapods/specs.git:
    - Alamofire
    - ObjcExceptionBridging
    - secp256k1.swift
    - Starscream
    - SwiftProtobuf
    - SwiftyJSON
    - XCGLogger

EXTERNAL SOURCES:
  Bech32:
    :podspec: ".podspecs/Bech32.podspec"
  BinanceChain:
    :path: "."

CHECKOUT OPTIONS:
  Bech32:
    :commit: 791fcda8a2010d3c6a22f1654eaa6303185925c0
    :git: "git@github.com:0xDEADP00L/Bech32.git"

SPEC CHECKSUMS:
  Alamofire: ae5c501addb7afdbb13687d7f2f722c78734c2d3
  Bech32: 8c50fe0aaf170cbb94deb5953647a104332f8917
  BinanceChain: 02a030476d45d739a508f232f131e8ab7b6992a2
  ObjcExceptionBridging: c30e00eb3700467e695faeea30e26e18bd445001
  secp256k1.swift: a7e7a214f6db6ce5db32cc6b2b45e5c4dd633634
  Starscream: 08172b481e145289c4930cb567230fb55897cfa4
  SwiftProtobuf: b06646ed6cdcfc3fecd074c6000fe0c413140e4f
  SwiftyJSON: 6faa0040f8b59dead0ee07436cbf76b73c08fd08
  XCGLogger: 0434f15e3909cdc450bb63faf638b8792ab782ab

PODFILE CHECKSUM: f3f8382cc90c5b8aa9afefaa8c897d661ce447c9

COCOAPODS: 1.6.1
