PODS:
  - Alamofire (4.8.2)
  - BinanceChain (1.0.0-beta):
    - BinanceChain/Core (= 1.0.0-beta)
  - BinanceChain/Bech32 (1.0.0-beta)
  - BinanceChain/Core (1.0.0-beta):
    - Alamofire (~> 4.8)
    - BinanceChain/Bech32
    - BinanceChain/OrderedDict
    - BinanceChain/Protobuf
    - BinanceChain/Util
    - HDWalletKit (~> 0.2.7)
    - Starscream (~> 3.1)
    - SwiftDate (~> 6.0.1)
    - SwiftProtobuf (~> 1.4)
    - SwiftyJSON (~> 4.3)
    - XCGLogger (~> 7.0)
  - BinanceChain/OrderedDict (1.0.0-beta)
  - BinanceChain/Protobuf (1.0.0-beta)
  - BinanceChain/Test (1.0.0-beta)
  - BinanceChain/Util (1.0.0-beta)
  - CryptoSwift (0.15.0)
  - HDWalletKit (0.2.7):
    - CryptoSwift (~> 0.12)
    - secp256k1.swift (~> 0.1.4)
  - ObjcExceptionBridging (1.0.1):
    - ObjcExceptionBridging/ObjcExceptionBridging (= 1.0.1)
  - ObjcExceptionBridging/ObjcExceptionBridging (1.0.1)
  - secp256k1.swift (0.1.4)
  - Starscream (3.1.0)
  - SwiftDate (6.0.1)
  - SwiftProtobuf (1.4.0)
  - SwiftyJSON (4.3.0)
  - XCGLogger (7.0.0):
    - XCGLogger/Core (= 7.0.0)
  - XCGLogger/Core (7.0.0):
    - ObjcExceptionBridging

DEPENDENCIES:
  - BinanceChain (from `.`)
  - BinanceChain/Test (from `.`)
  - CryptoSwift
  - HDWalletKit
  - Starscream
  - SwiftProtobuf

SPEC REPOS:
  https://github.com/cocoapods/specs.git:
    - Alamofire
    - CryptoSwift
    - HDWalletKit
    - ObjcExceptionBridging
    - secp256k1.swift
    - Starscream
    - SwiftDate
    - SwiftProtobuf
    - SwiftyJSON
    - XCGLogger

EXTERNAL SOURCES:
  BinanceChain:
    :path: "."

SPEC CHECKSUMS:
  Alamofire: ae5c501addb7afdbb13687d7f2f722c78734c2d3
  BinanceChain: e4dbaa48b6efbd0d31b25ee302ec3ec56f340f6b
  CryptoSwift: 769f58a9e89f64e8796c2e59ce5f002dc81a2438
  HDWalletKit: 22c841481715ea6e111f71b03eabc9ed72cc1714
  ObjcExceptionBridging: c30e00eb3700467e695faeea30e26e18bd445001
  secp256k1.swift: a7e7a214f6db6ce5db32cc6b2b45e5c4dd633634
  Starscream: 08172b481e145289c4930cb567230fb55897cfa4
  SwiftDate: 2b3ef6b8fc30c22391033d1acad5622a51660016
  SwiftProtobuf: b06646ed6cdcfc3fecd074c6000fe0c413140e4f
  SwiftyJSON: 6faa0040f8b59dead0ee07436cbf76b73c08fd08
  XCGLogger: 0434f15e3909cdc450bb63faf638b8792ab782ab

PODFILE CHECKSUM: 53e8abc98be4647014cf72eeeccea7fa2612aa22

COCOAPODS: 1.6.1
